
Microsoft Visual Studio Solution File, Format Version 12.00
# Visual Studio Version 17
VisualStudioVersion = 17.5.33530.505
MinimumVisualStudioVersion = 10.0.40219.1
Project("{FAE04EC0-301F-11D3-BF4B-00C04F79EFBC}") = "Agile Project Management Portal", "Agile Project Management Portal.csproj", "{BDB3D837-3092-4BA1-B690-E814C2EB2527}"
EndProject
Global
	GlobalSection(SolutionConfigurationPlatforms) = preSolution
		Debug|Any CPU = Debug|Any CPU
		Release|Any CPU = Release|Any CPU
	EndGlobalSection
	GlobalSection(ProjectConfigurationPlatforms) = postSolution
		{BDB3D837-3092-4BA1-B690-E814C2EB2527}.Debug|Any CPU.ActiveCfg = Debug|Any CPU
		{BDB3D837-3092-4BA1-B690-E814C2EB2527}.Debug|Any CPU.Build.0 = Debug|Any CPU
		{BDB3D837-3092-4BA1-B690-E814C2EB2527}.Release|Any CPU.ActiveCfg = Release|Any CPU
		{BDB3D837-3092-4BA1-B690-E814C2EB2527}.Release|Any CPU.Build.0 = Release|Any CPU
	EndGlobalSection
	GlobalSection(SolutionProperties) = preSolution
		HideSolutionNode = FALSE
	EndGlobalSection
	GlobalSection(ExtensibilityGlobals) = postSolution
		SolutionGuid = {A487FBFA-88F0-4C64-AD28-4EA7F0C35163}
	EndGlobalSection
EndGlobal
